
Microsoft Visual Studio Solution File, Format Version 12.00
Project("{2150E333-8FDC-42A3-9474-1A3956D46DE8}") = "test", "test", "{0C88DD14-F956-CE84-757C-A364CCF449FC}"
EndProject
Project("{2150E333-8FDC-42A3-9474-1A3956D46DE8}") = "src", "src", "{827E0CD3-B72D-47B6-A68D-7590B98EB39B}"
EndProject
Project("{FAE04EC0-301F-11D3-BF4B-00C04F79EFBC}") = "HkdfGuard.Abstractions", "src\HkdfGuard.Abstractions\HkdfGuard.Abstractions.csproj", "{7DBD05A7-1673-4568-87E8-78345B436E91}"
EndProject
Project("{FAE04EC0-301F-11D3-BF4B-00C04F79EFBC}") = "HkdfGuard.Cache", "src\HkdfGuard.Cache\HkdfGuard.Cache.csproj", "{AD9D92A5-F942-4B74-8E83-ABC83CF21B25}"
EndProject
Project("{FAE04EC0-301F-11D3-BF4B-00C04F79EFBC}") = "HkdfGuard.Cache.Test", "test\HkdfGuard.Cache.Test\HkdfGuard.Cache.Test.csproj", "{42C8556C-FD13-4ABF-B856-D299213BD5AE}"
EndProject
Project("{FAE04EC0-301F-11D3-BF4B-00C04F79EFBC}") = "HkdfGuard.EncryptedConfiguration", "src\HkdfGuard.EncryptedConfiguration\HkdfGuard.EncryptedConfiguration.csproj", "{10D3F5BF-6907-42B4-A119-A8C96888DD94}"
EndProject
Project("{FAE04EC0-301F-11D3-BF4B-00C04F79EFBC}") = "HkdfGuard.EncryptedConfiguration.Test", "test\HkdfGuard.EncryptedConfiguration.Test\HkdfGuard.EncryptedConfiguration.Test.csproj", "{391E6B8C-148E-44CE-BB3B-8A4DD883BA69}"
EndProject
Project("{2150E333-8FDC-42A3-9474-1A3956D46DE8}") = "benchmark", "benchmark", "{09EED85C-BE3C-7566-DC0E-2E8E43466740}"
EndProject
Project("{FAE04EC0-301F-11D3-BF4B-00C04F79EFBC}") = "HkdfGuard.Benchmarks", "benchmark\HkdfGuard.Benchmarks\HkdfGuard.Benchmarks.csproj", "{5A18C341-AD61-409A-AF84-9ECA3EC7AE59}"
EndProject
Project("{FAE04EC0-301F-11D3-BF4B-00C04F79EFBC}") = "HkdfGuard.KeyWrapping.V1", "src\HkdfGuard.KeyWrapping.V1\HkdfGuard.KeyWrapping.V1.csproj", "{C7C45713-77C2-4E0E-AFC5-61180CB6F7DD}"
EndProject
Project("{FAE04EC0-301F-11D3-BF4B-00C04F79EFBC}") = "HkdfGuard.Abstractions.Test", "test\HkdfGuard.Abstractions.Test\HkdfGuard.Abstractions.Test.csproj", "{41444582-CDB2-48B9-ADAB-C6B0CDC53F07}"
EndProject
Project("{FAE04EC0-301F-11D3-BF4B-00C04F79EFBC}") = "HkdfGuard.CryptoProvider.AesGcm256.Test", "test\HkdfGuard.CryptoProvider.AesGcm256.Test\HkdfGuard.CryptoProvider.AesGcm256.Test.csproj", "{FE070B99-4958-47A6-A847-42ED8C8A93A6}"
EndProject
Project("{FAE04EC0-301F-11D3-BF4B-00C04F79EFBC}") = "HkdfGuard.CryptoProvider.AesGcm256", "src\HkdfGuard.CryptoProvider.AesGcm256\HkdfGuard.CryptoProvider.AesGcm256.csproj", "{62E19F78-00FF-4362-9936-D8DCF801635E}"
EndProject
Project("{FAE04EC0-301F-11D3-BF4B-00C04F79EFBC}") = "HkdfGuard.DataEncryptionKey", "src\HkdfGuard.DataEncryptionKey\HkdfGuard.DataEncryptionKey.csproj", "{9A2E502A-E421-4348-8E1E-7A358EA86AFB}"
EndProject
Project("{FAE04EC0-301F-11D3-BF4B-00C04F79EFBC}") = "HkdfGuard.DataEncryptionKey.Test", "test\HkdfGuard.DataEncryptionKey.Test\HkdfGuard.DataEncryptionKey.Test.csproj", "{513F3ADE-A31F-4910-9C50-A9D1FB1A7DC0}"
EndProject
Project("{FAE04EC0-301F-11D3-BF4B-00C04F79EFBC}") = "HkdfGuard.DependencyInjection", "src\HkdfGuard.DependencyInjection\HkdfGuard.DependencyInjection.csproj", "{5606741D-A062-499D-8A76-07773439683D}"
EndProject
Project("{FAE04EC0-301F-11D3-BF4B-00C04F79EFBC}") = "HkdfGuard.DependencyInjection.Test", "test\HkdfGuard.DependencyInjection.Test\HkdfGuard.DependencyInjection.Test.csproj", "{F378B6E4-6672-419B-AFB0-88DAEFB818A3}"
EndProject
Project("{FAE04EC0-301F-11D3-BF4B-00C04F79EFBC}") = "HkdfGuard.Options", "src\HkdfGuard.Options\HkdfGuard.Options.csproj", "{47A79C78-7197-4EF1-81D3-E463CAAE147E}"
EndProject
Project("{FAE04EC0-301F-11D3-BF4B-00C04F79EFBC}") = "HkdfGuard.Options.Test", "test\HkdfGuard.Options.Test\HkdfGuard.Options.Test.csproj", "{63451903-9B23-4F87-9BFC-33A7A4A61FD8}"
EndProject
Project("{FAE04EC0-301F-11D3-BF4B-00C04F79EFBC}") = "HkdfGuard.Diagnostics", "src\HkdfGuard.Diagnostics\HkdfGuard.Diagnostics.csproj", "{72A4E777-2B8A-4F0A-808C-B274777BB969}"
EndProject
Project("{FAE04EC0-301F-11D3-BF4B-00C04F79EFBC}") = "HkdfGuard.Diagnostics.Test", "test\HkdfGuard.Diagnostics.Test\HkdfGuard.Diagnostics.Test.csproj", "{238B83B8-2A64-4D22-B2D6-E0FCEF75896C}"
EndProject
Project("{FAE04EC0-301F-11D3-BF4B-00C04F79EFBC}") = "HkdfGuard.KeyWrapping.V1.Test", "test\HkdfGuard.KeyWrapping.V1.Test\HkdfGuard.KeyWrapping.V1.Test.csproj", "{755F3A07-B19B-46DD-8585-B3AF0A797767}"
EndProject
Global
	GlobalSection(SolutionConfigurationPlatforms) = preSolution
		Debug|Any CPU = Debug|Any CPU
		Debug|x64 = Debug|x64
		Debug|x86 = Debug|x86
		Release|Any CPU = Release|Any CPU
		Release|x64 = Release|x64
		Release|x86 = Release|x86
	EndGlobalSection
	GlobalSection(ProjectConfigurationPlatforms) = postSolution
		{7DBD05A7-1673-4568-87E8-78345B436E91}.Debug|Any CPU.ActiveCfg = Debug|Any CPU
		{7DBD05A7-1673-4568-87E8-78345B436E91}.Debug|Any CPU.Build.0 = Debug|Any CPU
		{7DBD05A7-1673-4568-87E8-78345B436E91}.Debug|x64.ActiveCfg = Debug|Any CPU
		{7DBD05A7-1673-4568-87E8-78345B436E91}.Debug|x64.Build.0 = Debug|Any CPU
		{7DBD05A7-1673-4568-87E8-78345B436E91}.Debug|x86.ActiveCfg = Debug|Any CPU
		{7DBD05A7-1673-4568-87E8-78345B436E91}.Debug|x86.Build.0 = Debug|Any CPU
		{7DBD05A7-1673-4568-87E8-78345B436E91}.Release|Any CPU.ActiveCfg = Release|Any CPU
		{7DBD05A7-1673-4568-87E8-78345B436E91}.Release|Any CPU.Build.0 = Release|Any CPU
		{7DBD05A7-1673-4568-87E8-78345B436E91}.Release|x64.ActiveCfg = Release|Any CPU
		{7DBD05A7-1673-4568-87E8-78345B436E91}.Release|x64.Build.0 = Release|Any CPU
		{7DBD05A7-1673-4568-87E8-78345B436E91}.Release|x86.ActiveCfg = Release|Any CPU
		{7DBD05A7-1673-4568-87E8-78345B436E91}.Release|x86.Build.0 = Release|Any CPU
		{AD9D92A5-F942-4B74-8E83-ABC83CF21B25}.Debug|Any CPU.ActiveCfg = Debug|Any CPU
		{AD9D92A5-F942-4B74-8E83-ABC83CF21B25}.Debug|Any CPU.Build.0 = Debug|Any CPU
		{AD9D92A5-F942-4B74-8E83-ABC83CF21B25}.Debug|x64.ActiveCfg = Debug|Any CPU
		{AD9D92A5-F942-4B74-8E83-ABC83CF21B25}.Debug|x64.Build.0 = Debug|Any CPU
		{AD9D92A5-F942-4B74-8E83-ABC83CF21B25}.Debug|x86.ActiveCfg = Debug|Any CPU
		{AD9D92A5-F942-4B74-8E83-ABC83CF21B25}.Debug|x86.Build.0 = Debug|Any CPU
		{AD9D92A5-F942-4B74-8E83-ABC83CF21B25}.Release|Any CPU.ActiveCfg = Release|Any CPU
		{AD9D92A5-F942-4B74-8E83-ABC83CF21B25}.Release|Any CPU.Build.0 = Release|Any CPU
		{AD9D92A5-F942-4B74-8E83-ABC83CF21B25}.Release|x64.ActiveCfg = Release|Any CPU
		{AD9D92A5-F942-4B74-8E83-ABC83CF21B25}.Release|x64.Build.0 = Release|Any CPU
		{AD9D92A5-F942-4B74-8E83-ABC83CF21B25}.Release|x86.ActiveCfg = Release|Any CPU
		{AD9D92A5-F942-4B74-8E83-ABC83CF21B25}.Release|x86.Build.0 = Release|Any CPU
		{42C8556C-FD13-4ABF-B856-D299213BD5AE}.Debug|Any CPU.ActiveCfg = Debug|Any CPU
		{42C8556C-FD13-4ABF-B856-D299213BD5AE}.Debug|Any CPU.Build.0 = Debug|Any CPU
		{42C8556C-FD13-4ABF-B856-D299213BD5AE}.Debug|x64.ActiveCfg = Debug|Any CPU
		{42C8556C-FD13-4ABF-B856-D299213BD5AE}.Debug|x64.Build.0 = Debug|Any CPU
		{42C8556C-FD13-4ABF-B856-D299213BD5AE}.Debug|x86.ActiveCfg = Debug|Any CPU
		{42C8556C-FD13-4ABF-B856-D299213BD5AE}.Debug|x86.Build.0 = Debug|Any CPU
		{42C8556C-FD13-4ABF-B856-D299213BD5AE}.Release|Any CPU.ActiveCfg = Release|Any CPU
		{42C8556C-FD13-4ABF-B856-D299213BD5AE}.Release|Any CPU.Build.0 = Release|Any CPU
		{42C8556C-FD13-4ABF-B856-D299213BD5AE}.Release|x64.ActiveCfg = Release|Any CPU
		{42C8556C-FD13-4ABF-B856-D299213BD5AE}.Release|x64.Build.0 = Release|Any CPU
		{42C8556C-FD13-4ABF-B856-D299213BD5AE}.Release|x86.ActiveCfg = Release|Any CPU
		{42C8556C-FD13-4ABF-B856-D299213BD5AE}.Release|x86.Build.0 = Release|Any CPU
		{10D3F5BF-6907-42B4-A119-A8C96888DD94}.Debug|Any CPU.ActiveCfg = Debug|Any CPU
		{10D3F5BF-6907-42B4-A119-A8C96888DD94}.Debug|Any CPU.Build.0 = Debug|Any CPU
		{10D3F5BF-6907-42B4-A119-A8C96888DD94}.Debug|x64.ActiveCfg = Debug|Any CPU
		{10D3F5BF-6907-42B4-A119-A8C96888DD94}.Debug|x64.Build.0 = Debug|Any CPU
		{10D3F5BF-6907-42B4-A119-A8C96888DD94}.Debug|x86.ActiveCfg = Debug|Any CPU
		{10D3F5BF-6907-42B4-A119-A8C96888DD94}.Debug|x86.Build.0 = Debug|Any CPU
		{10D3F5BF-6907-42B4-A119-A8C96888DD94}.Release|Any CPU.ActiveCfg = Release|Any CPU
		{10D3F5BF-6907-42B4-A119-A8C96888DD94}.Release|Any CPU.Build.0 = Release|Any CPU
		{10D3F5BF-6907-42B4-A119-A8C96888DD94}.Release|x64.ActiveCfg = Release|Any CPU
		{10D3F5BF-6907-42B4-A119-A8C96888DD94}.Release|x64.Build.0 = Release|Any CPU
		{10D3F5BF-6907-42B4-A119-A8C96888DD94}.Release|x86.ActiveCfg = Release|Any CPU
		{10D3F5BF-6907-42B4-A119-A8C96888DD94}.Release|x86.Build.0 = Release|Any CPU
		{391E6B8C-148E-44CE-BB3B-8A4DD883BA69}.Debug|Any CPU.ActiveCfg = Debug|Any CPU
		{391E6B8C-148E-44CE-BB3B-8A4DD883BA69}.Debug|Any CPU.Build.0 = Debug|Any CPU
		{391E6B8C-148E-44CE-BB3B-8A4DD883BA69}.Debug|x64.ActiveCfg = Debug|Any CPU
		{391E6B8C-148E-44CE-BB3B-8A4DD883BA69}.Debug|x64.Build.0 = Debug|Any CPU
		{391E6B8C-148E-44CE-BB3B-8A4DD883BA69}.Debug|x86.ActiveCfg = Debug|Any CPU
		{391E6B8C-148E-44CE-BB3B-8A4DD883BA69}.Debug|x86.Build.0 = Debug|Any CPU
		{391E6B8C-148E-44CE-BB3B-8A4DD883BA69}.Release|Any CPU.ActiveCfg = Release|Any CPU
		{391E6B8C-148E-44CE-BB3B-8A4DD883BA69}.Release|Any CPU.Build.0 = Release|Any CPU
		{391E6B8C-148E-44CE-BB3B-8A4DD883BA69}.Release|x64.ActiveCfg = Release|Any CPU
		{391E6B8C-148E-44CE-BB3B-8A4DD883BA69}.Release|x64.Build.0 = Release|Any CPU
		{391E6B8C-148E-44CE-BB3B-8A4DD883BA69}.Release|x86.ActiveCfg = Release|Any CPU
		{391E6B8C-148E-44CE-BB3B-8A4DD883BA69}.Release|x86.Build.0 = Release|Any CPU
		{5A18C341-AD61-409A-AF84-9ECA3EC7AE59}.Debug|Any CPU.ActiveCfg = Debug|Any CPU
		{5A18C341-AD61-409A-AF84-9ECA3EC7AE59}.Debug|Any CPU.Build.0 = Debug|Any CPU
		{5A18C341-AD61-409A-AF84-9ECA3EC7AE59}.Debug|x64.ActiveCfg = Debug|Any CPU
		{5A18C341-AD61-409A-AF84-9ECA3EC7AE59}.Debug|x64.Build.0 = Debug|Any CPU
		{5A18C341-AD61-409A-AF84-9ECA3EC7AE59}.Debug|x86.ActiveCfg = Debug|Any CPU
		{5A18C341-AD61-409A-AF84-9ECA3EC7AE59}.Debug|x86.Build.0 = Debug|Any CPU
		{5A18C341-AD61-409A-AF84-9ECA3EC7AE59}.Release|Any CPU.ActiveCfg = Release|Any CPU
		{5A18C341-AD61-409A-AF84-9ECA3EC7AE59}.Release|Any CPU.Build.0 = Release|Any CPU
		{5A18C341-AD61-409A-AF84-9ECA3EC7AE59}.Release|x64.ActiveCfg = Release|Any CPU
		{5A18C341-AD61-409A-AF84-9ECA3EC7AE59}.Release|x64.Build.0 = Release|Any CPU
		{5A18C341-AD61-409A-AF84-9ECA3EC7AE59}.Release|x86.ActiveCfg = Release|Any CPU
		{5A18C341-AD61-409A-AF84-9ECA3EC7AE59}.Release|x86.Build.0 = Release|Any CPU
		{C7C45713-77C2-4E0E-AFC5-61180CB6F7DD}.Debug|Any CPU.ActiveCfg = Debug|Any CPU
		{C7C45713-77C2-4E0E-AFC5-61180CB6F7DD}.Debug|Any CPU.Build.0 = Debug|Any CPU
		{C7C45713-77C2-4E0E-AFC5-61180CB6F7DD}.Debug|x64.ActiveCfg = Debug|Any CPU
		{C7C45713-77C2-4E0E-AFC5-61180CB6F7DD}.Debug|x64.Build.0 = Debug|Any CPU
		{C7C45713-77C2-4E0E-AFC5-61180CB6F7DD}.Debug|x86.ActiveCfg = Debug|Any CPU
		{C7C45713-77C2-4E0E-AFC5-61180CB6F7DD}.Debug|x86.Build.0 = Debug|Any CPU
		{C7C45713-77C2-4E0E-AFC5-61180CB6F7DD}.Release|Any CPU.ActiveCfg = Release|Any CPU
		{C7C45713-77C2-4E0E-AFC5-61180CB6F7DD}.Release|Any CPU.Build.0 = Release|Any CPU
		{C7C45713-77C2-4E0E-AFC5-61180CB6F7DD}.Release|x64.ActiveCfg = Release|Any CPU
		{C7C45713-77C2-4E0E-AFC5-61180CB6F7DD}.Release|x64.Build.0 = Release|Any CPU
		{C7C45713-77C2-4E0E-AFC5-61180CB6F7DD}.Release|x86.ActiveCfg = Release|Any CPU
		{C7C45713-77C2-4E0E-AFC5-61180CB6F7DD}.Release|x86.Build.0 = Release|Any CPU
		{41444582-CDB2-48B9-ADAB-C6B0CDC53F07}.Debug|Any CPU.ActiveCfg = Debug|Any CPU
		{41444582-CDB2-48B9-ADAB-C6B0CDC53F07}.Debug|Any CPU.Build.0 = Debug|Any CPU
		{41444582-CDB2-48B9-ADAB-C6B0CDC53F07}.Debug|x64.ActiveCfg = Debug|Any CPU
		{41444582-CDB2-48B9-ADAB-C6B0CDC53F07}.Debug|x64.Build.0 = Debug|Any CPU
		{41444582-CDB2-48B9-ADAB-C6B0CDC53F07}.Debug|x86.ActiveCfg = Debug|Any CPU
		{41444582-CDB2-48B9-ADAB-C6B0CDC53F07}.Debug|x86.Build.0 = Debug|Any CPU
		{41444582-CDB2-48B9-ADAB-C6B0CDC53F07}.Release|Any CPU.ActiveCfg = Release|Any CPU
		{41444582-CDB2-48B9-ADAB-C6B0CDC53F07}.Release|Any CPU.Build.0 = Release|Any CPU
		{41444582-CDB2-48B9-ADAB-C6B0CDC53F07}.Release|x64.ActiveCfg = Release|Any CPU
		{41444582-CDB2-48B9-ADAB-C6B0CDC53F07}.Release|x64.Build.0 = Release|Any CPU
		{41444582-CDB2-48B9-ADAB-C6B0CDC53F07}.Release|x86.ActiveCfg = Release|Any CPU
		{41444582-CDB2-48B9-ADAB-C6B0CDC53F07}.Release|x86.Build.0 = Release|Any CPU
		{FE070B99-4958-47A6-A847-42ED8C8A93A6}.Debug|Any CPU.ActiveCfg = Debug|Any CPU
		{FE070B99-4958-47A6-A847-42ED8C8A93A6}.Debug|Any CPU.Build.0 = Debug|Any CPU
		{FE070B99-4958-47A6-A847-42ED8C8A93A6}.Debug|x64.ActiveCfg = Debug|Any CPU
		{FE070B99-4958-47A6-A847-42ED8C8A93A6}.Debug|x64.Build.0 = Debug|Any CPU
		{FE070B99-4958-47A6-A847-42ED8C8A93A6}.Debug|x86.ActiveCfg = Debug|Any CPU
		{FE070B99-4958-47A6-A847-42ED8C8A93A6}.Debug|x86.Build.0 = Debug|Any CPU
		{FE070B99-4958-47A6-A847-42ED8C8A93A6}.Release|Any CPU.ActiveCfg = Release|Any CPU
		{FE070B99-4958-47A6-A847-42ED8C8A93A6}.Release|Any CPU.Build.0 = Release|Any CPU
		{FE070B99-4958-47A6-A847-42ED8C8A93A6}.Release|x64.ActiveCfg = Release|Any CPU
		{FE070B99-4958-47A6-A847-42ED8C8A93A6}.Release|x64.Build.0 = Release|Any CPU
		{FE070B99-4958-47A6-A847-42ED8C8A93A6}.Release|x86.ActiveCfg = Release|Any CPU
		{FE070B99-4958-47A6-A847-42ED8C8A93A6}.Release|x86.Build.0 = Release|Any CPU
		{62E19F78-00FF-4362-9936-D8DCF801635E}.Debug|Any CPU.ActiveCfg = Debug|Any CPU
		{62E19F78-00FF-4362-9936-D8DCF801635E}.Debug|Any CPU.Build.0 = Debug|Any CPU
		{62E19F78-00FF-4362-9936-D8DCF801635E}.Debug|x64.ActiveCfg = Debug|Any CPU
		{62E19F78-00FF-4362-9936-D8DCF801635E}.Debug|x64.Build.0 = Debug|Any CPU
		{62E19F78-00FF-4362-9936-D8DCF801635E}.Debug|x86.ActiveCfg = Debug|Any CPU
		{62E19F78-00FF-4362-9936-D8DCF801635E}.Debug|x86.Build.0 = Debug|Any CPU
		{62E19F78-00FF-4362-9936-D8DCF801635E}.Release|Any CPU.ActiveCfg = Release|Any CPU
		{62E19F78-00FF-4362-9936-D8DCF801635E}.Release|Any CPU.Build.0 = Release|Any CPU
		{62E19F78-00FF-4362-9936-D8DCF801635E}.Release|x64.ActiveCfg = Release|Any CPU
		{62E19F78-00FF-4362-9936-D8DCF801635E}.Release|x64.Build.0 = Release|Any CPU
		{62E19F78-00FF-4362-9936-D8DCF801635E}.Release|x86.ActiveCfg = Release|Any CPU
		{62E19F78-00FF-4362-9936-D8DCF801635E}.Release|x86.Build.0 = Release|Any CPU
		{9A2E502A-E421-4348-8E1E-7A358EA86AFB}.Debug|Any CPU.ActiveCfg = Debug|Any CPU
		{9A2E502A-E421-4348-8E1E-7A358EA86AFB}.Debug|Any CPU.Build.0 = Debug|Any CPU
		{9A2E502A-E421-4348-8E1E-7A358EA86AFB}.Debug|x64.ActiveCfg = Debug|Any CPU
		{9A2E502A-E421-4348-8E1E-7A358EA86AFB}.Debug|x64.Build.0 = Debug|Any CPU
		{9A2E502A-E421-4348-8E1E-7A358EA86AFB}.Debug|x86.ActiveCfg = Debug|Any CPU
		{9A2E502A-E421-4348-8E1E-7A358EA86AFB}.Debug|x86.Build.0 = Debug|Any CPU
		{9A2E502A-E421-4348-8E1E-7A358EA86AFB}.Release|Any CPU.ActiveCfg = Release|Any CPU
		{9A2E502A-E421-4348-8E1E-7A358EA86AFB}.Release|Any CPU.Build.0 = Release|Any CPU
		{9A2E502A-E421-4348-8E1E-7A358EA86AFB}.Release|x64.ActiveCfg = Release|Any CPU
		{9A2E502A-E421-4348-8E1E-7A358EA86AFB}.Release|x64.Build.0 = Release|Any CPU
		{9A2E502A-E421-4348-8E1E-7A358EA86AFB}.Release|x86.ActiveCfg = Release|Any CPU
		{9A2E502A-E421-4348-8E1E-7A358EA86AFB}.Release|x86.Build.0 = Release|Any CPU
		{513F3ADE-A31F-4910-9C50-A9D1FB1A7DC0}.Debug|Any CPU.ActiveCfg = Debug|Any CPU
		{513F3ADE-A31F-4910-9C50-A9D1FB1A7DC0}.Debug|Any CPU.Build.0 = Debug|Any CPU
		{513F3ADE-A31F-4910-9C50-A9D1FB1A7DC0}.Debug|x64.ActiveCfg = Debug|Any CPU
		{513F3ADE-A31F-4910-9C50-A9D1FB1A7DC0}.Debug|x64.Build.0 = Debug|Any CPU
		{513F3ADE-A31F-4910-9C50-A9D1FB1A7DC0}.Debug|x86.ActiveCfg = Debug|Any CPU
		{513F3ADE-A31F-4910-9C50-A9D1FB1A7DC0}.Debug|x86.Build.0 = Debug|Any CPU
		{513F3ADE-A31F-4910-9C50-A9D1FB1A7DC0}.Release|Any CPU.ActiveCfg = Release|Any CPU
		{513F3ADE-A31F-4910-9C50-A9D1FB1A7DC0}.Release|Any CPU.Build.0 = Release|Any CPU
		{513F3ADE-A31F-4910-9C50-A9D1FB1A7DC0}.Release|x64.ActiveCfg = Release|Any CPU
		{513F3ADE-A31F-4910-9C50-A9D1FB1A7DC0}.Release|x64.Build.0 = Release|Any CPU
		{513F3ADE-A31F-4910-9C50-A9D1FB1A7DC0}.Release|x86.ActiveCfg = Release|Any CPU
		{513F3ADE-A31F-4910-9C50-A9D1FB1A7DC0}.Release|x86.Build.0 = Release|Any CPU
		{5606741D-A062-499D-8A76-07773439683D}.Debug|Any CPU.ActiveCfg = Debug|Any CPU
		{5606741D-A062-499D-8A76-07773439683D}.Debug|Any CPU.Build.0 = Debug|Any CPU
		{5606741D-A062-499D-8A76-07773439683D}.Debug|x64.ActiveCfg = Debug|Any CPU
		{5606741D-A062-499D-8A76-07773439683D}.Debug|x64.Build.0 = Debug|Any CPU
		{5606741D-A062-499D-8A76-07773439683D}.Debug|x86.ActiveCfg = Debug|Any CPU
		{5606741D-A062-499D-8A76-07773439683D}.Debug|x86.Build.0 = Debug|Any CPU
		{5606741D-A062-499D-8A76-07773439683D}.Release|Any CPU.ActiveCfg = Release|Any CPU
		{5606741D-A062-499D-8A76-07773439683D}.Release|Any CPU.Build.0 = Release|Any CPU
		{5606741D-A062-499D-8A76-07773439683D}.Release|x64.ActiveCfg = Release|Any CPU
		{5606741D-A062-499D-8A76-07773439683D}.Release|x64.Build.0 = Release|Any CPU
		{5606741D-A062-499D-8A76-07773439683D}.Release|x86.ActiveCfg = Release|Any CPU
		{5606741D-A062-499D-8A76-07773439683D}.Release|x86.Build.0 = Release|Any CPU
		{F378B6E4-6672-419B-AFB0-88DAEFB818A3}.Debug|Any CPU.ActiveCfg = Debug|Any CPU
		{F378B6E4-6672-419B-AFB0-88DAEFB818A3}.Debug|Any CPU.Build.0 = Debug|Any CPU
		{F378B6E4-6672-419B-AFB0-88DAEFB818A3}.Debug|x64.ActiveCfg = Debug|Any CPU
		{F378B6E4-6672-419B-AFB0-88DAEFB818A3}.Debug|x64.Build.0 = Debug|Any CPU
		{F378B6E4-6672-419B-AFB0-88DAEFB818A3}.Debug|x86.ActiveCfg = Debug|Any CPU
		{F378B6E4-6672-419B-AFB0-88DAEFB818A3}.Debug|x86.Build.0 = Debug|Any CPU
		{F378B6E4-6672-419B-AFB0-88DAEFB818A3}.Release|Any CPU.ActiveCfg = Release|Any CPU
		{F378B6E4-6672-419B-AFB0-88DAEFB818A3}.Release|Any CPU.Build.0 = Release|Any CPU
		{F378B6E4-6672-419B-AFB0-88DAEFB818A3}.Release|x64.ActiveCfg = Release|Any CPU
		{F378B6E4-6672-419B-AFB0-88DAEFB818A3}.Release|x64.Build.0 = Release|Any CPU
		{F378B6E4-6672-419B-AFB0-88DAEFB818A3}.Release|x86.ActiveCfg = Release|Any CPU
		{F378B6E4-6672-419B-AFB0-88DAEFB818A3}.Release|x86.Build.0 = Release|Any CPU
		{47A79C78-7197-4EF1-81D3-E463CAAE147E}.Debug|Any CPU.ActiveCfg = Debug|Any CPU
		{47A79C78-7197-4EF1-81D3-E463CAAE147E}.Debug|Any CPU.Build.0 = Debug|Any CPU
		{47A79C78-7197-4EF1-81D3-E463CAAE147E}.Debug|x64.ActiveCfg = Debug|Any CPU
		{47A79C78-7197-4EF1-81D3-E463CAAE147E}.Debug|x64.Build.0 = Debug|Any CPU
		{47A79C78-7197-4EF1-81D3-E463CAAE147E}.Debug|x86.ActiveCfg = Debug|Any CPU
		{47A79C78-7197-4EF1-81D3-E463CAAE147E}.Debug|x86.Build.0 = Debug|Any CPU
		{47A79C78-7197-4EF1-81D3-E463CAAE147E}.Release|Any CPU.ActiveCfg = Release|Any CPU
		{47A79C78-7197-4EF1-81D3-E463CAAE147E}.Release|Any CPU.Build.0 = Release|Any CPU
		{47A79C78-7197-4EF1-81D3-E463CAAE147E}.Release|x64.ActiveCfg = Release|Any CPU
		{47A79C78-7197-4EF1-81D3-E463CAAE147E}.Release|x64.Build.0 = Release|Any CPU
		{47A79C78-7197-4EF1-81D3-E463CAAE147E}.Release|x86.ActiveCfg = Release|Any CPU
		{47A79C78-7197-4EF1-81D3-E463CAAE147E}.Release|x86.Build.0 = Release|Any CPU
		{63451903-9B23-4F87-9BFC-33A7A4A61FD8}.Debug|Any CPU.ActiveCfg = Debug|Any CPU
		{63451903-9B23-4F87-9BFC-33A7A4A61FD8}.Debug|Any CPU.Build.0 = Debug|Any CPU
		{63451903-9B23-4F87-9BFC-33A7A4A61FD8}.Debug|x64.ActiveCfg = Debug|Any CPU
		{63451903-9B23-4F87-9BFC-33A7A4A61FD8}.Debug|x64.Build.0 = Debug|Any CPU
		{63451903-9B23-4F87-9BFC-33A7A4A61FD8}.Debug|x86.ActiveCfg = Debug|Any CPU
		{63451903-9B23-4F87-9BFC-33A7A4A61FD8}.Debug|x86.Build.0 = Debug|Any CPU
		{63451903-9B23-4F87-9BFC-33A7A4A61FD8}.Release|Any CPU.ActiveCfg = Release|Any CPU
		{63451903-9B23-4F87-9BFC-33A7A4A61FD8}.Release|Any CPU.Build.0 = Release|Any CPU
		{63451903-9B23-4F87-9BFC-33A7A4A61FD8}.Release|x64.ActiveCfg = Release|Any CPU
		{63451903-9B23-4F87-9BFC-33A7A4A61FD8}.Release|x64.Build.0 = Release|Any CPU
		{63451903-9B23-4F87-9BFC-33A7A4A61FD8}.Release|x86.ActiveCfg = Release|Any CPU
		{63451903-9B23-4F87-9BFC-33A7A4A61FD8}.Release|x86.Build.0 = Release|Any CPU
		{72A4E777-2B8A-4F0A-808C-B274777BB969}.Debug|Any CPU.ActiveCfg = Debug|Any CPU
		{72A4E777-2B8A-4F0A-808C-B274777BB969}.Debug|Any CPU.Build.0 = Debug|Any CPU
		{72A4E777-2B8A-4F0A-808C-B274777BB969}.Debug|x64.ActiveCfg = Debug|Any CPU
		{72A4E777-2B8A-4F0A-808C-B274777BB969}.Debug|x64.Build.0 = Debug|Any CPU
		{72A4E777-2B8A-4F0A-808C-B274777BB969}.Debug|x86.ActiveCfg = Debug|Any CPU
		{72A4E777-2B8A-4F0A-808C-B274777BB969}.Debug|x86.Build.0 = Debug|Any CPU
		{72A4E777-2B8A-4F0A-808C-B274777BB969}.Release|Any CPU.ActiveCfg = Release|Any CPU
		{72A4E777-2B8A-4F0A-808C-B274777BB969}.Release|Any CPU.Build.0 = Release|Any CPU
		{72A4E777-2B8A-4F0A-808C-B274777BB969}.Release|x64.ActiveCfg = Release|Any CPU
		{72A4E777-2B8A-4F0A-808C-B274777BB969}.Release|x64.Build.0 = Release|Any CPU
		{72A4E777-2B8A-4F0A-808C-B274777BB969}.Release|x86.ActiveCfg = Release|Any CPU
		{72A4E777-2B8A-4F0A-808C-B274777BB969}.Release|x86.Build.0 = Release|Any CPU
		{238B83B8-2A64-4D22-B2D6-E0FCEF75896C}.Debug|Any CPU.ActiveCfg = Debug|Any CPU
		{238B83B8-2A64-4D22-B2D6-E0FCEF75896C}.Debug|Any CPU.Build.0 = Debug|Any CPU
		{238B83B8-2A64-4D22-B2D6-E0FCEF75896C}.Debug|x64.ActiveCfg = Debug|Any CPU
		{238B83B8-2A64-4D22-B2D6-E0FCEF75896C}.Debug|x64.Build.0 = Debug|Any CPU
		{238B83B8-2A64-4D22-B2D6-E0FCEF75896C}.Debug|x86.ActiveCfg = Debug|Any CPU
		{238B83B8-2A64-4D22-B2D6-E0FCEF75896C}.Debug|x86.Build.0 = Debug|Any CPU
		{238B83B8-2A64-4D22-B2D6-E0FCEF75896C}.Release|Any CPU.ActiveCfg = Release|Any CPU
		{238B83B8-2A64-4D22-B2D6-E0FCEF75896C}.Release|Any CPU.Build.0 = Release|Any CPU
		{238B83B8-2A64-4D22-B2D6-E0FCEF75896C}.Release|x64.ActiveCfg = Release|Any CPU
		{238B83B8-2A64-4D22-B2D6-E0FCEF75896C}.Release|x64.Build.0 = Release|Any CPU
		{238B83B8-2A64-4D22-B2D6-E0FCEF75896C}.Release|x86.ActiveCfg = Release|Any CPU
		{238B83B8-2A64-4D22-B2D6-E0FCEF75896C}.Release|x86.Build.0 = Release|Any CPU
		{755F3A07-B19B-46DD-8585-B3AF0A797767}.Debug|Any CPU.ActiveCfg = Debug|Any CPU
		{755F3A07-B19B-46DD-8585-B3AF0A797767}.Debug|Any CPU.Build.0 = Debug|Any CPU
		{755F3A07-B19B-46DD-8585-B3AF0A797767}.Debug|x64.ActiveCfg = Debug|Any CPU
		{755F3A07-B19B-46DD-8585-B3AF0A797767}.Debug|x64.Build.0 = Debug|Any CPU
		{755F3A07-B19B-46DD-8585-B3AF0A797767}.Debug|x86.ActiveCfg = Debug|Any CPU
		{755F3A07-B19B-46DD-8585-B3AF0A797767}.Debug|x86.Build.0 = Debug|Any CPU
		{755F3A07-B19B-46DD-8585-B3AF0A797767}.Release|Any CPU.ActiveCfg = Release|Any CPU
		{755F3A07-B19B-46DD-8585-B3AF0A797767}.Release|Any CPU.Build.0 = Release|Any CPU
		{755F3A07-B19B-46DD-8585-B3AF0A797767}.Release|x64.ActiveCfg = Release|Any CPU
		{755F3A07-B19B-46DD-8585-B3AF0A797767}.Release|x64.Build.0 = Release|Any CPU
		{755F3A07-B19B-46DD-8585-B3AF0A797767}.Release|x86.ActiveCfg = Release|Any CPU
		{755F3A07-B19B-46DD-8585-B3AF0A797767}.Release|x86.Build.0 = Release|Any CPU
	EndGlobalSection
	GlobalSection(SolutionProperties) = preSolution
		HideSolutionNode = FALSE
	EndGlobalSection
	GlobalSection(NestedProjects) = preSolution
		{7DBD05A7-1673-4568-87E8-78345B436E91} = {827E0CD3-B72D-47B6-A68D-7590B98EB39B}
		{AD9D92A5-F942-4B74-8E83-ABC83CF21B25} = {827E0CD3-B72D-47B6-A68D-7590B98EB39B}
		{42C8556C-FD13-4ABF-B856-D299213BD5AE} = {0C88DD14-F956-CE84-757C-A364CCF449FC}
		{10D3F5BF-6907-42B4-A119-A8C96888DD94} = {827E0CD3-B72D-47B6-A68D-7590B98EB39B}
		{391E6B8C-148E-44CE-BB3B-8A4DD883BA69} = {0C88DD14-F956-CE84-757C-A364CCF449FC}
		{5A18C341-AD61-409A-AF84-9ECA3EC7AE59} = {09EED85C-BE3C-7566-DC0E-2E8E43466740}
		{C7C45713-77C2-4E0E-AFC5-61180CB6F7DD} = {827E0CD3-B72D-47B6-A68D-7590B98EB39B}
		{41444582-CDB2-48B9-ADAB-C6B0CDC53F07} = {0C88DD14-F956-CE84-757C-A364CCF449FC}
		{FE070B99-4958-47A6-A847-42ED8C8A93A6} = {0C88DD14-F956-CE84-757C-A364CCF449FC}
		{62E19F78-00FF-4362-9936-D8DCF801635E} = {827E0CD3-B72D-47B6-A68D-7590B98EB39B}
		{9A2E502A-E421-4348-8E1E-7A358EA86AFB} = {827E0CD3-B72D-47B6-A68D-7590B98EB39B}
		{513F3ADE-A31F-4910-9C50-A9D1FB1A7DC0} = {0C88DD14-F956-CE84-757C-A364CCF449FC}
		{5606741D-A062-499D-8A76-07773439683D} = {827E0CD3-B72D-47B6-A68D-7590B98EB39B}
		{F378B6E4-6672-419B-AFB0-88DAEFB818A3} = {0C88DD14-F956-CE84-757C-A364CCF449FC}
		{47A79C78-7197-4EF1-81D3-E463CAAE147E} = {827E0CD3-B72D-47B6-A68D-7590B98EB39B}
		{63451903-9B23-4F87-9BFC-33A7A4A61FD8} = {0C88DD14-F956-CE84-757C-A364CCF449FC}
		{72A4E777-2B8A-4F0A-808C-B274777BB969} = {827E0CD3-B72D-47B6-A68D-7590B98EB39B}
		{238B83B8-2A64-4D22-B2D6-E0FCEF75896C} = {0C88DD14-F956-CE84-757C-A364CCF449FC}
		{755F3A07-B19B-46DD-8585-B3AF0A797767} = {0C88DD14-F956-CE84-757C-A364CCF449FC}
	EndGlobalSection
EndGlobal
